// !$*UTF8*$!
{
	archiveVersion = 1;
	classes = {
	};
	objectVersion = 50;
	objects = {

/* Begin PBXBuildFile section */
		171F11A3215B691400C2B143 /* PracticeVC.swift in Sources */ = {isa = PBXBuildFile; fileRef = 171F11A2215B691400C2B143 /* PracticeVC.swift */; };
		171F11A5215B697300C2B143 /* PracticeCollectionCell.swift in Sources */ = {isa = PBXBuildFile; fileRef = 171F11A4215B697300C2B143 /* PracticeCollectionCell.swift */; };
		171F11A9215B6F6A00C2B143 /* PracticeDataService.swift in Sources */ = {isa = PBXBuildFile; fileRef = 171F11A8215B6F6A00C2B143 /* PracticeDataService.swift */; };
		171F11AB215B6FC400C2B143 /* Practice.swift in Sources */ = {isa = PBXBuildFile; fileRef = 171F11AA215B6FC400C2B143 /* Practice.swift */; };
		171F11AD215BC36500C2B143 /* PracticeQuestionCell.swift in Sources */ = {isa = PBXBuildFile; fileRef = 171F11AC215BC36500C2B143 /* PracticeQuestionCell.swift */; };
		171F11AF215BC38300C2B143 /* PracticeOptionCell.swift in Sources */ = {isa = PBXBuildFile; fileRef = 171F11AE215BC38300C2B143 /* PracticeOptionCell.swift */; };
		171F47F7215A7AD200E2F6B3 /* TextQuestion.swift in Sources */ = {isa = PBXBuildFile; fileRef = 171F47F6215A7AD200E2F6B3 /* TextQuestion.swift */; };
		171F47F9215A7B2300E2F6B3 /* Constants.swift in Sources */ = {isa = PBXBuildFile; fileRef = 171F47F8215A7B2300E2F6B3 /* Constants.swift */; };
		171F47FB215A7D1600E2F6B3 /* QuestionVC.swift in Sources */ = {isa = PBXBuildFile; fileRef = 171F47FA215A7D1600E2F6B3 /* QuestionVC.swift */; };
		171F47FD215A856D00E2F6B3 /* SegmentControlExt.swift in Sources */ = {isa = PBXBuildFile; fileRef = 171F47FC215A856D00E2F6B3 /* SegmentControlExt.swift */; };
		171F47FF215A87F700E2F6B3 /* ImageQuestion.swift in Sources */ = {isa = PBXBuildFile; fileRef = 171F47FE215A87F700E2F6B3 /* ImageQuestion.swift */; };
		171F4801215A8C7500E2F6B3 /* TextQuestionCell.swift in Sources */ = {isa = PBXBuildFile; fileRef = 171F4800215A8C7500E2F6B3 /* TextQuestionCell.swift */; };
		171F4807215AC77A00E2F6B3 /* QuestionDataService.swift in Sources */ = {isa = PBXBuildFile; fileRef = 171F4806215AC77A00E2F6B3 /* QuestionDataService.swift */; };
		171F4809215AD5A000E2F6B3 /* ImageQuestionCell.swift in Sources */ = {isa = PBXBuildFile; fileRef = 171F4808215AD5A000E2F6B3 /* ImageQuestionCell.swift */; };
		1720538E215A635800E34884 /* AppDelegate.swift in Sources */ = {isa = PBXBuildFile; fileRef = 1720538D215A635800E34884 /* AppDelegate.swift */; };
		17205390215A635800E34884 /* HomeVC.swift in Sources */ = {isa = PBXBuildFile; fileRef = 1720538F215A635800E34884 /* HomeVC.swift */; };
		17205393215A635800E34884 /* Main.storyboard in Resources */ = {isa = PBXBuildFile; fileRef = 17205391215A635800E34884 /* Main.storyboard */; };
		17205395215A635900E34884 /* Assets.xcassets in Resources */ = {isa = PBXBuildFile; fileRef = 17205394215A635900E34884 /* Assets.xcassets */; };
		17205398215A635900E34884 /* LaunchScreen.storyboard in Resources */ = {isa = PBXBuildFile; fileRef = 17205396215A635900E34884 /* LaunchScreen.storyboard */; };
		172053A5215A692400E34884 /* Category.swift in Sources */ = {isa = PBXBuildFile; fileRef = 172053A4215A692400E34884 /* Category.swift */; };
		172053A8215A6B0200E34884 /* DataService.swift in Sources */ = {isa = PBXBuildFile; fileRef = 172053A7215A6B0200E34884 /* DataService.swift */; };
		172053AA215A6DE700E34884 /* CategoryCell.swift in Sources */ = {isa = PBXBuildFile; fileRef = 172053A9215A6DE700E34884 /* CategoryCell.swift */; };
		17260F732161643A00811815 /* ExamVC.swift in Sources */ = {isa = PBXBuildFile; fileRef = 17260F722161643A00811815 /* ExamVC.swift */; };
		17260F752161647900811815 /* ExamCollectionCell.swift in Sources */ = {isa = PBXBuildFile; fileRef = 17260F742161647900811815 /* ExamCollectionCell.swift */; };
		17260F772161676F00811815 /* Exam.swift in Sources */ = {isa = PBXBuildFile; fileRef = 17260F762161676F00811815 /* Exam.swift */; };
		17260F792161689200811815 /* ExamDataService.swift in Sources */ = {isa = PBXBuildFile; fileRef = 17260F782161689200811815 /* ExamDataService.swift */; };
		17260F7B21616E3F00811815 /* ExamQuestionCell.swift in Sources */ = {isa = PBXBuildFile; fileRef = 17260F7A21616E3F00811815 /* ExamQuestionCell.swift */; };
		17260F7D21616E8E00811815 /* ExamAnswerCell.swift in Sources */ = {isa = PBXBuildFile; fileRef = 17260F7C21616E8E00811815 /* ExamAnswerCell.swift */; };
		17260F7F21617FF600811815 /* GradientColorView.swift in Sources */ = {isa = PBXBuildFile; fileRef = 17260F7E21617FF600811815 /* GradientColorView.swift */; };
		B30FB6B9ED298A83980596C0 /* Pods_RTO_App_Professionally.framework in Frameworks */ = {isa = PBXBuildFile; fileRef = 9E4A9D6147E6270CC5154533 /* Pods_RTO_App_Professionally.framework */; };
/* End PBXBuildFile section */

/* Begin PBXFileReference section */
		171F11A2215B691400C2B143 /* PracticeVC.swift */ = {isa = PBXFileReference; lastKnownFileType = sourcecode.swift; path = PracticeVC.swift; sourceTree = "<group>"; };
		171F11A4215B697300C2B143 /* PracticeCollectionCell.swift */ = {isa = PBXFileReference; lastKnownFileType = sourcecode.swift; path = PracticeCollectionCell.swift; sourceTree = "<group>"; };
		171F11A8215B6F6A00C2B143 /* PracticeDataService.swift */ = {isa = PBXFileReference; lastKnownFileType = sourcecode.swift; path = PracticeDataService.swift; sourceTree = "<group>"; };
		171F11AA215B6FC400C2B143 /* Practice.swift */ = {isa = PBXFileReference; lastKnownFileType = sourcecode.swift; path = Practice.swift; sourceTree = "<group>"; };
		171F11AC215BC36500C2B143 /* PracticeQuestionCell.swift */ = {isa = PBXFileReference; lastKnownFileType = sourcecode.swift; path = PracticeQuestionCell.swift; sourceTree = "<group>"; };
		171F11AE215BC38300C2B143 /* PracticeOptionCell.swift */ = {isa = PBXFileReference; lastKnownFileType = sourcecode.swift; path = PracticeOptionCell.swift; sourceTree = "<group>"; };
		171F47F6215A7AD200E2F6B3 /* TextQuestion.swift */ = {isa = PBXFileReference; lastKnownFileType = sourcecode.swift; path = TextQuestion.swift; sourceTree = "<group>"; };
		171F47F8215A7B2300E2F6B3 /* Constants.swift */ = {isa = PBXFileReference; lastKnownFileType = sourcecode.swift; path = Constants.swift; sourceTree = "<group>"; };
		171F47FA215A7D1600E2F6B3 /* QuestionVC.swift */ = {isa = PBXFileReference; lastKnownFileType = sourcecode.swift; path = QuestionVC.swift; sourceTree = "<group>"; };
		171F47FC215A856D00E2F6B3 /* SegmentControlExt.swift */ = {isa = PBXFileReference; lastKnownFileType = sourcecode.swift; path = SegmentControlExt.swift; sourceTree = "<group>"; };
		171F47FE215A87F700E2F6B3 /* ImageQuestion.swift */ = {isa = PBXFileReference; lastKnownFileType = sourcecode.swift; path = ImageQuestion.swift; sourceTree = "<group>"; };
		171F4800215A8C7500E2F6B3 /* TextQuestionCell.swift */ = {isa = PBXFileReference; lastKnownFileType = sourcecode.swift; path = TextQuestionCell.swift; sourceTree = "<group>"; };
		171F4806215AC77A00E2F6B3 /* QuestionDataService.swift */ = {isa = PBXFileReference; lastKnownFileType = sourcecode.swift; path = QuestionDataService.swift; sourceTree = "<group>"; };
		171F4808215AD5A000E2F6B3 /* ImageQuestionCell.swift */ = {isa = PBXFileReference; lastKnownFileType = sourcecode.swift; path = ImageQuestionCell.swift; sourceTree = "<group>"; };
		1720538A215A635700E34884 /* RTO App Professionally.app */ = {isa = PBXFileReference; explicitFileType = wrapper.application; includeInIndex = 0; path = "RTO App Professionally.app"; sourceTree = BUILT_PRODUCTS_DIR; };
		1720538D215A635800E34884 /* AppDelegate.swift */ = {isa = PBXFileReference; lastKnownFileType = sourcecode.swift; path = AppDelegate.swift; sourceTree = "<group>"; };
		1720538F215A635800E34884 /* HomeVC.swift */ = {isa = PBXFileReference; lastKnownFileType = sourcecode.swift; path = HomeVC.swift; sourceTree = "<group>"; };
		17205392215A635800E34884 /* Base */ = {isa = PBXFileReference; lastKnownFileType = file.storyboard; name = Base; path = Base.lproj/Main.storyboard; sourceTree = "<group>"; };
		17205394215A635900E34884 /* Assets.xcassets */ = {isa = PBXFileReference; lastKnownFileType = folder.assetcatalog; path = Assets.xcassets; sourceTree = "<group>"; };
		17205397215A635900E34884 /* Base */ = {isa = PBXFileReference; lastKnownFileType = file.storyboard; name = Base; path = Base.lproj/LaunchScreen.storyboard; sourceTree = "<group>"; };
		17205399215A635900E34884 /* Info.plist */ = {isa = PBXFileReference; lastKnownFileType = text.plist.xml; path = Info.plist; sourceTree = "<group>"; };
		172053A4215A692400E34884 /* Category.swift */ = {isa = PBXFileReference; lastKnownFileType = sourcecode.swift; path = Category.swift; sourceTree = "<group>"; };
		172053A7215A6B0200E34884 /* DataService.swift */ = {isa = PBXFileReference; lastKnownFileType = sourcecode.swift; path = DataService.swift; sourceTree = "<group>"; };
		172053A9215A6DE700E34884 /* CategoryCell.swift */ = {isa = PBXFileReference; lastKnownFileType = sourcecode.swift; path = CategoryCell.swift; sourceTree = "<group>"; };
		17260F722161643A00811815 /* ExamVC.swift */ = {isa = PBXFileReference; lastKnownFileType = sourcecode.swift; path = ExamVC.swift; sourceTree = "<group>"; };
		17260F742161647900811815 /* ExamCollectionCell.swift */ = {isa = PBXFileReference; lastKnownFileType = sourcecode.swift; path = ExamCollectionCell.swift; sourceTree = "<group>"; };
		17260F762161676F00811815 /* Exam.swift */ = {isa = PBXFileReference; lastKnownFileType = sourcecode.swift; path = Exam.swift; sourceTree = "<group>"; };
		17260F782161689200811815 /* ExamDataService.swift */ = {isa = PBXFileReference; lastKnownFileType = sourcecode.swift; path = ExamDataService.swift; sourceTree = "<group>"; };
		17260F7A21616E3F00811815 /* ExamQuestionCell.swift */ = {isa = PBXFileReference; lastKnownFileType = sourcecode.swift; path = ExamQuestionCell.swift; sourceTree = "<group>"; };
		17260F7C21616E8E00811815 /* ExamAnswerCell.swift */ = {isa = PBXFileReference; lastKnownFileType = sourcecode.swift; path = ExamAnswerCell.swift; sourceTree = "<group>"; };
		17260F7E21617FF600811815 /* GradientColorView.swift */ = {isa = PBXFileReference; lastKnownFileType = sourcecode.swift; path = GradientColorView.swift; sourceTree = "<group>"; };
		3E67B6B53FAAA37BC8658997 /* Pods-RTO App Professionally.release.xcconfig */ = {isa = PBXFileReference; includeInIndex = 1; lastKnownFileType = text.xcconfig; name = "Pods-RTO App Professionally.release.xcconfig"; path = "Pods/Target Support Files/Pods-RTO App Professionally/Pods-RTO App Professionally.release.xcconfig"; sourceTree = "<group>"; };
		6AF0303FFDE83E46AA7B9302 /* Pods-RTO App Professionally.debug.xcconfig */ = {isa = PBXFileReference; includeInIndex = 1; lastKnownFileType = text.xcconfig; name = "Pods-RTO App Professionally.debug.xcconfig"; path = "Pods/Target Support Files/Pods-RTO App Professionally/Pods-RTO App Professionally.debug.xcconfig"; sourceTree = "<group>"; };
		9E4A9D6147E6270CC5154533 /* Pods_RTO_App_Professionally.framework */ = {isa = PBXFileReference; explicitFileType = wrapper.framework; includeInIndex = 0; path = Pods_RTO_App_Professionally.framework; sourceTree = BUILT_PRODUCTS_DIR; };
/* End PBXFileReference section */

/* Begin PBXFrameworksBuildPhase section */
		17205387215A635700E34884 /* Frameworks */ = {
			isa = PBXFrameworksBuildPhase;
			buildActionMask = 2147483647;
			files = (
				B30FB6B9ED298A83980596C0 /* Pods_RTO_App_Professionally.framework in Frameworks */,
			);
			runOnlyForDeploymentPostprocessing = 0;
		};
/* End PBXFrameworksBuildPhase section */

/* Begin PBXGroup section */
		07B76DF3EE774A50544A75D4 /* Frameworks */ = {
			isa = PBXGroup;
			children = (
				9E4A9D6147E6270CC5154533 /* Pods_RTO_App_Professionally.framework */,
			);
			name = Frameworks;
			sourceTree = "<group>";
		};
		17205381215A635700E34884 = {
			isa = PBXGroup;
			children = (
				1720538C215A635700E34884 /* RTO App Professionally */,
				1720538B215A635700E34884 /* Products */,
				83ADA2E85624553913B4E2CD /* Pods */,
				07B76DF3EE774A50544A75D4 /* Frameworks */,
			);
			sourceTree = "<group>";
		};
		1720538B215A635700E34884 /* Products */ = {
			isa = PBXGroup;
			children = (
				1720538A215A635700E34884 /* RTO App Professionally.app */,
			);
			name = Products;
			sourceTree = "<group>";
		};
		1720538C215A635700E34884 /* RTO App Professionally */ = {
			isa = PBXGroup;
			children = (
				172053A6215A6AC200E34884 /* Services */,
				172053A3215A639700E34884 /* Supporting Files */,
				172053A2215A638E00E34884 /* Utils */,
				172053A1215A638300E34884 /* Controller */,
				172053A0215A637D00E34884 /* View */,
				1720539F215A637100E34884 /* Model */,
				17205399215A635900E34884 /* Info.plist */,
			);
			path = "RTO App Professionally";
			sourceTree = "<group>";
		};
		1720539F215A637100E34884 /* Model */ = {
			isa = PBXGroup;
			children = (
				172053A4215A692400E34884 /* Category.swift */,
				171F47F6215A7AD200E2F6B3 /* TextQuestion.swift */,
				171F47FE215A87F700E2F6B3 /* ImageQuestion.swift */,
				171F11AA215B6FC400C2B143 /* Practice.swift */,
				17260F762161676F00811815 /* Exam.swift */,
			);
			path = Model;
			sourceTree = "<group>";
		};
		172053A0215A637D00E34884 /* View */ = {
			isa = PBXGroup;
			children = (
				17205391215A635800E34884 /* Main.storyboard */,
				172053A9215A6DE700E34884 /* CategoryCell.swift */,
				171F4800215A8C7500E2F6B3 /* TextQuestionCell.swift */,
				171F4808215AD5A000E2F6B3 /* ImageQuestionCell.swift */,
				171F11A4215B697300C2B143 /* PracticeCollectionCell.swift */,
				171F11AC215BC36500C2B143 /* PracticeQuestionCell.swift */,
				171F11AE215BC38300C2B143 /* PracticeOptionCell.swift */,
				17260F742161647900811815 /* ExamCollectionCell.swift */,
				17260F7A21616E3F00811815 /* ExamQuestionCell.swift */,
				17260F7C21616E8E00811815 /* ExamAnswerCell.swift */,
				17260F7E21617FF600811815 /* GradientColorView.swift */,
			);
			path = View;
			sourceTree = "<group>";
		};
		172053A1215A638300E34884 /* Controller */ = {
			isa = PBXGroup;
			children = (
				1720538F215A635800E34884 /* HomeVC.swift */,
				171F47FA215A7D1600E2F6B3 /* QuestionVC.swift */,
				171F11A2215B691400C2B143 /* PracticeVC.swift */,
				17260F722161643A00811815 /* ExamVC.swift */,
			);
			path = Controller;
			sourceTree = "<group>";
		};
		172053A2215A638E00E34884 /* Utils */ = {
			isa = PBXGroup;
			children = (
				171F47F8215A7B2300E2F6B3 /* Constants.swift */,
				171F47FC215A856D00E2F6B3 /* SegmentControlExt.swift */,
			);
			path = Utils;
			sourceTree = "<group>";
		};
		172053A3215A639700E34884 /* Supporting Files */ = {
			isa = PBXGroup;
			children = (
				1720538D215A635800E34884 /* AppDelegate.swift */,
				17205394215A635900E34884 /* Assets.xcassets */,
				17205396215A635900E34884 /* LaunchScreen.storyboard */,
			);
			path = "Supporting Files";
			sourceTree = "<group>";
		};
		172053A6215A6AC200E34884 /* Services */ = {
			isa = PBXGroup;
			children = (
				172053A7215A6B0200E34884 /* DataService.swift */,
				171F4806215AC77A00E2F6B3 /* QuestionDataService.swift */,
				171F11A8215B6F6A00C2B143 /* PracticeDataService.swift */,
				17260F782161689200811815 /* ExamDataService.swift */,
			);
			path = Services;
			sourceTree = "<group>";
		};
		83ADA2E85624553913B4E2CD /* Pods */ = {
			isa = PBXGroup;
			children = (
				6AF0303FFDE83E46AA7B9302 /* Pods-RTO App Professionally.debug.xcconfig */,
				3E67B6B53FAAA37BC8658997 /* Pods-RTO App Professionally.release.xcconfig */,
			);
			name = Pods;
			sourceTree = "<group>";
		};
/* End PBXGroup section */

/* Begin PBXNativeTarget section */
		17205389215A635700E34884 /* RTO App Professionally */ = {
			isa = PBXNativeTarget;
			buildConfigurationList = 1720539C215A635900E34884 /* Build configuration list for PBXNativeTarget "RTO App Professionally" */;
			buildPhases = (
				03677BB99B8E9039F3605AA5 /* [CP] Check Pods Manifest.lock */,
				17205386215A635700E34884 /* Sources */,
				17205387215A635700E34884 /* Frameworks */,
				17205388215A635700E34884 /* Resources */,
				6463D994CB74CE95D741EE08 /* [CP] Embed Pods Frameworks */,
			);
			buildRules = (
			);
			dependencies = (
			);
			name = "RTO App Professionally";
			productName = "RTO App Professionally";
			productReference = 1720538A215A635700E34884 /* RTO App Professionally.app */;
			productType = "com.apple.product-type.application";
		};
/* End PBXNativeTarget section */

/* Begin PBXProject section */
		17205382215A635700E34884 /* Project object */ = {
			isa = PBXProject;
			attributes = {
				LastSwiftUpdateCheck = 1000;
				LastUpgradeCheck = 1000;
				ORGANIZATIONNAME = "Ajinkya Sonar";
				TargetAttributes = {
					17205389215A635700E34884 = {
						CreatedOnToolsVersion = 10.0;
					};
				};
			};
			buildConfigurationList = 17205385215A635700E34884 /* Build configuration list for PBXProject "RTO App Professionally" */;
			compatibilityVersion = "Xcode 9.3";
			developmentRegion = en;
			hasScannedForEncodings = 0;
			knownRegions = (
				en,
				Base,
			);
			mainGroup = 17205381215A635700E34884;
			productRefGroup = 1720538B215A635700E34884 /* Products */;
			projectDirPath = "";
			projectRoot = "";
			targets = (
				17205389215A635700E34884 /* RTO App Professionally */,
			);
		};
/* End PBXProject section */

/* Begin PBXResourcesBuildPhase section */
		17205388215A635700E34884 /* Resources */ = {
			isa = PBXResourcesBuildPhase;
			buildActionMask = 2147483647;
			files = (
				17205398215A635900E34884 /* LaunchScreen.storyboard in Resources */,
				17205395215A635900E34884 /* Assets.xcassets in Resources */,
				17205393215A635800E34884 /* Main.storyboard in Resources */,
			);
			runOnlyForDeploymentPostprocessing = 0;
		};
/* End PBXResourcesBuildPhase section */

/* Begin PBXShellScriptBuildPhase section */
		03677BB99B8E9039F3605AA5 /* [CP] Check Pods Manifest.lock */ = {
			isa = PBXShellScriptBuildPhase;
			buildActionMask = 2147483647;
			files = (
			);
			inputPaths = (
				"${PODS_PODFILE_DIR_PATH}/Podfile.lock",
				"${PODS_ROOT}/Manifest.lock",
			);
			name = "[CP] Check Pods Manifest.lock";
			outputPaths = (
				"$(DERIVED_FILE_DIR)/Pods-RTO App Professionally-checkManifestLockResult.txt",
			);
			runOnlyForDeploymentPostprocessing = 0;
			shellPath = /bin/sh;
			shellScript = "diff \"${PODS_PODFILE_DIR_PATH}/Podfile.lock\" \"${PODS_ROOT}/Manifest.lock\" > /dev/null\nif [ $? != 0 ] ; then\n    # print error to STDERR\n    echo \"error: The sandbox is not in sync with the Podfile.lock. Run 'pod install' or update your CocoaPods installation.\" >&2\n    exit 1\nfi\n# This output is used by Xcode 'outputs' to avoid re-running this script phase.\necho \"SUCCESS\" > \"${SCRIPT_OUTPUT_FILE_0}\"\n";
			showEnvVarsInLog = 0;
		};
		6463D994CB74CE95D741EE08 /* [CP] Embed Pods Frameworks */ = {
			isa = PBXShellScriptBuildPhase;
			buildActionMask = 2147483647;
			files = (
			);
			inputPaths = (
				"${SRCROOT}/Pods/Target Support Files/Pods-RTO App Professionally/Pods-RTO App Professionally-frameworks.sh",
				"${BUILT_PRODUCTS_DIR}/Alamofire/Alamofire.framework",
				"${BUILT_PRODUCTS_DIR}/Kingfisher/Kingfisher.framework",
			);
			name = "[CP] Embed Pods Frameworks";
			outputPaths = (
				"${TARGET_BUILD_DIR}/${FRAMEWORKS_FOLDER_PATH}/Alamofire.framework",
				"${TARGET_BUILD_DIR}/${FRAMEWORKS_FOLDER_PATH}/Kingfisher.framework",
			);
			runOnlyForDeploymentPostprocessing = 0;
			shellPath = /bin/sh;
			shellScript = "\"${SRCROOT}/Pods/Target Support Files/Pods-RTO App Professionally/Pods-RTO App Professionally-frameworks.sh\"\n";
			showEnvVarsInLog = 0;
		};
/* End PBXShellScriptBuildPhase section */

/* Begin PBXSourcesBuildPhase section */
		17205386215A635700E34884 /* Sources */ = {
			isa = PBXSourcesBuildPhase;
			buildActionMask = 2147483647;
			files = (
				17260F772161676F00811815 /* Exam.swift in Sources */,
				171F11AB215B6FC400C2B143 /* Practice.swift in Sources */,
				17260F7F21617FF600811815 /* GradientColorView.swift in Sources */,
				17260F7D21616E8E00811815 /* ExamAnswerCell.swift in Sources */,
				171F4809215AD5A000E2F6B3 /* ImageQuestionCell.swift in Sources */,
				17205390215A635800E34884 /* HomeVC.swift in Sources */,
				1720538E215A635800E34884 /* AppDelegate.swift in Sources */,
				17260F752161647900811815 /* ExamCollectionCell.swift in Sources */,
				171F11A3215B691400C2B143 /* PracticeVC.swift in Sources */,
				17260F792161689200811815 /* ExamDataService.swift in Sources */,
				171F11A9215B6F6A00C2B143 /* PracticeDataService.swift in Sources */,
				171F11AF215BC38300C2B143 /* PracticeOptionCell.swift in Sources */,
				172053A5215A692400E34884 /* Category.swift in Sources */,
				171F4807215AC77A00E2F6B3 /* QuestionDataService.swift in Sources */,
				17260F7B21616E3F00811815 /* ExamQuestionCell.swift in Sources */,
				172053A8215A6B0200E34884 /* DataService.swift in Sources */,
				171F47FB215A7D1600E2F6B3 /* QuestionVC.swift in Sources */,
				171F11AD215BC36500C2B143 /* PracticeQuestionCell.swift in Sources */,
				171F47F9215A7B2300E2F6B3 /* Constants.swift in Sources */,
				171F11A5215B697300C2B143 /* PracticeCollectionCell.swift in Sources */,
				171F47FD215A856D00E2F6B3 /* SegmentControlExt.swift in Sources */,
				17260F732161643A00811815 /* ExamVC.swift in Sources */,
				171F47F7215A7AD200E2F6B3 /* TextQuestion.swift in Sources */,
				171F4801215A8C7500E2F6B3 /* TextQuestionCell.swift in Sources */,
				172053AA215A6DE700E34884 /* CategoryCell.swift in Sources */,
				171F47FF215A87F700E2F6B3 /* ImageQuestion.swift in Sources */,
			);
			runOnlyForDeploymentPostprocessing = 0;
		};
/* End PBXSourcesBuildPhase section */

/* Begin PBXVariantGroup section */
		17205391215A635800E34884 /* Main.storyboard */ = {
			isa = PBXVariantGroup;
			children = (
				17205392215A635800E34884 /* Base */,
			);
			name = Main.storyboard;
			sourceTree = "<group>";
		};
		17205396215A635900E34884 /* LaunchScreen.storyboard */ = {
			isa = PBXVariantGroup;
			children = (
				17205397215A635900E34884 /* Base */,
			);
			name = LaunchScreen.storyboard;
			sourceTree = "<group>";
		};
/* End PBXVariantGroup section */

/* Begin XCBuildConfiguration section */
		1720539A215A635900E34884 /* Debug */ = {
			isa = XCBuildConfiguration;
			buildSettings = {
				ALWAYS_SEARCH_USER_PATHS = NO;
				CLANG_ANALYZER_NONNULL = YES;
				CLANG_ANALYZER_NUMBER_OBJECT_CONVERSION = YES_AGGRESSIVE;
				CLANG_CXX_LANGUAGE_STANDARD = "gnu++14";
				CLANG_CXX_LIBRARY = "libc++";
				CLANG_ENABLE_MODULES = YES;
				CLANG_ENABLE_OBJC_ARC = YES;
				CLANG_ENABLE_OBJC_WEAK = YES;
				CLANG_WARN_BLOCK_CAPTURE_AUTORELEASING = YES;
				CLANG_WARN_BOOL_CONVERSION = YES;
				CLANG_WARN_COMMA = YES;
				CLANG_WARN_CONSTANT_CONVERSION = YES;
				CLANG_WARN_DEPRECATED_OBJC_IMPLEMENTATIONS = YES;
				CLANG_WARN_DIRECT_OBJC_ISA_USAGE = YES_ERROR;
				CLANG_WARN_DOCUMENTATION_COMMENTS = YES;
				CLANG_WARN_EMPTY_BODY = YES;
				CLANG_WARN_ENUM_CONVERSION = YES;
				CLANG_WARN_INFINITE_RECURSION = YES;
				CLANG_WARN_INT_CONVERSION = YES;
				CLANG_WARN_NON_LITERAL_NULL_CONVERSION = YES;
				CLANG_WARN_OBJC_IMPLICIT_RETAIN_SELF = YES;
				CLANG_WARN_OBJC_LITERAL_CONVERSION = YES;
				CLANG_WARN_OBJC_ROOT_CLASS = YES_ERROR;
				CLANG_WARN_RANGE_LOOP_ANALYSIS = YES;
				CLANG_WARN_STRICT_PROTOTYPES = YES;
				CLANG_WARN_SUSPICIOUS_MOVE = YES;
				CLANG_WARN_UNGUARDED_AVAILABILITY = YES_AGGRESSIVE;
				CLANG_WARN_UNREACHABLE_CODE = YES;
				CLANG_WARN__DUPLICATE_METHOD_MATCH = YES;
				CODE_SIGN_IDENTITY = "iPhone Developer";
				COPY_PHASE_STRIP = NO;
				DEBUG_INFORMATION_FORMAT = dwarf;
				ENABLE_STRICT_OBJC_MSGSEND = YES;
				ENABLE_TESTABILITY = YES;
				GCC_C_LANGUAGE_STANDARD = gnu11;
				GCC_DYNAMIC_NO_PIC = NO;
				GCC_NO_COMMON_BLOCKS = YES;
				GCC_OPTIMIZATION_LEVEL = 0;
				GCC_PREPROCESSOR_DEFINITIONS = (
					"DEBUG=1",
					"$(inherited)",
				);
				GCC_WARN_64_TO_32_BIT_CONVERSION = YES;
				GCC_WARN_ABOUT_RETURN_TYPE = YES_ERROR;
				GCC_WARN_UNDECLARED_SELECTOR = YES;
				GCC_WARN_UNINITIALIZED_AUTOS = YES_AGGRESSIVE;
				GCC_WARN_UNUSED_FUNCTION = YES;
				GCC_WARN_UNUSED_VARIABLE = YES;
				IPHONEOS_DEPLOYMENT_TARGET = 12.0;
				MTL_ENABLE_DEBUG_INFO = INCLUDE_SOURCE;
				MTL_FAST_MATH = YES;
				ONLY_ACTIVE_ARCH = YES;
				SDKROOT = iphoneos;
				SWIFT_ACTIVE_COMPILATION_CONDITIONS = DEBUG;
				SWIFT_OPTIMIZATION_LEVEL = "-Onone";
			};
			name = Debug;
		};
		1720539B215A635900E34884 /* Release */ = {
			isa = XCBuildConfiguration;
			buildSettings = {
				ALWAYS_SEARCH_USER_PATHS = NO;
				CLANG_ANALYZER_NONNULL = YES;
				CLANG_ANALYZER_NUMBER_OBJECT_CONVERSION = YES_AGGRESSIVE;
				CLANG_CXX_LANGUAGE_STANDARD = "gnu++14";
				CLANG_CXX_LIBRARY = "libc++";
				CLANG_ENABLE_MODULES = YES;
				CLANG_ENABLE_OBJC_ARC = YES;
				CLANG_ENABLE_OBJC_WEAK = YES;
				CLANG_WARN_BLOCK_CAPTURE_AUTORELEASING = YES;
				CLANG_WARN_BOOL_CONVERSION = YES;
				CLANG_WARN_COMMA = YES;
				CLANG_WARN_CONSTANT_CONVERSION = YES;
				CLANG_WARN_DEPRECATED_OBJC_IMPLEMENTATIONS = YES;
				CLANG_WARN_DIRECT_OBJC_ISA_USAGE = YES_ERROR;
				CLANG_WARN_DOCUMENTATION_COMMENTS = YES;
				CLANG_WARN_EMPTY_BODY = YES;
				CLANG_WARN_ENUM_CONVERSION = YES;
				CLANG_WARN_INFINITE_RECURSION = YES;
				CLANG_WARN_INT_CONVERSION = YES;
				CLANG_WARN_NON_LITERAL_NULL_CONVERSION = YES;
				CLANG_WARN_OBJC_IMPLICIT_RETAIN_SELF = YES;
				CLANG_WARN_OBJC_LITERAL_CONVERSION = YES;
				CLANG_WARN_OBJC_ROOT_CLASS = YES_ERROR;
				CLANG_WARN_RANGE_LOOP_ANALYSIS = YES;
				CLANG_WARN_STRICT_PROTOTYPES = YES;
				CLANG_WARN_SUSPICIOUS_MOVE = YES;
				CLANG_WARN_UNGUARDED_AVAILABILITY = YES_AGGRESSIVE;
				CLANG_WARN_UNREACHABLE_CODE = YES;
				CLANG_WARN__DUPLICATE_METHOD_MATCH = YES;
				CODE_SIGN_IDENTITY = "iPhone Developer";
				COPY_PHASE_STRIP = NO;
				DEBUG_INFORMATION_FORMAT = "dwarf-with-dsym";
				ENABLE_NS_ASSERTIONS = NO;
				ENABLE_STRICT_OBJC_MSGSEND = YES;
				GCC_C_LANGUAGE_STANDARD = gnu11;
				GCC_NO_COMMON_BLOCKS = YES;
				GCC_WARN_64_TO_32_BIT_CONVERSION = YES;
				GCC_WARN_ABOUT_RETURN_TYPE = YES_ERROR;
				GCC_WARN_UNDECLARED_SELECTOR = YES;
				GCC_WARN_UNINITIALIZED_AUTOS = YES_AGGRESSIVE;
				GCC_WARN_UNUSED_FUNCTION = YES;
				GCC_WARN_UNUSED_VARIABLE = YES;
				IPHONEOS_DEPLOYMENT_TARGET = 12.0;
				MTL_ENABLE_DEBUG_INFO = NO;
				MTL_FAST_MATH = YES;
				SDKROOT = iphoneos;
				SWIFT_COMPILATION_MODE = wholemodule;
				SWIFT_OPTIMIZATION_LEVEL = "-O";
				VALIDATE_PRODUCT = YES;
			};
			name = Release;
		};
		1720539D215A635900E34884 /* Debug */ = {
			isa = XCBuildConfiguration;
			baseConfigurationReference = 6AF0303FFDE83E46AA7B9302 /* Pods-RTO App Professionally.debug.xcconfig */;
			buildSettings = {
				ASSETCATALOG_COMPILER_APPICON_NAME = AppIcon;
				CODE_SIGN_STYLE = Automatic;
				DEVELOPMENT_TEAM = YCPFBKZL7W;
				INFOPLIST_FILE = "RTO App Professionally/Info.plist";
				LD_RUNPATH_SEARCH_PATHS = (
					"$(inherited)",
					"@executable_path/Frameworks",
				);
				PRODUCT_BUNDLE_IDENTIFIER = "com.ajinkyasonar.RTO-App-Professionally";
				PRODUCT_NAME = "$(TARGET_NAME)";
				SWIFT_VERSION = 4.2;
				TARGETED_DEVICE_FAMILY = "1,2";
			};
			name = Debug;
		};
		1720539E215A635900E34884 /* Release */ = {
			isa = XCBuildConfiguration;
			baseConfigurationReference = 3E67B6B53FAAA37BC8658997 /* Pods-RTO App Professionally.release.xcconfig */;
			buildSettings = {
				ASSETCATALOG_COMPILER_APPICON_NAME = AppIcon;
				CODE_SIGN_STYLE = Automatic;
				DEVELOPMENT_TEAM = YCPFBKZL7W;
				INFOPLIST_FILE = "RTO App Professionally/Info.plist";
				LD_RUNPATH_SEARCH_PATHS = (
					"$(inherited)",
					"@executable_path/Frameworks",
				);
				PRODUCT_BUNDLE_IDENTIFIER = "com.ajinkyasonar.RTO-App-Professionally";
				PRODUCT_NAME = "$(TARGET_NAME)";
				SWIFT_VERSION = 4.2;
				TARGETED_DEVICE_FAMILY = "1,2";
			};
			name = Release;
		};
/* End XCBuildConfiguration section */

/* Begin XCConfigurationList section */
		17205385215A635700E34884 /* Build configuration list for PBXProject "RTO App Professionally" */ = {
			isa = XCConfigurationList;
			buildConfigurations = (
				1720539A215A635900E34884 /* Debug */,
				1720539B215A635900E34884 /* Release */,
			);
			defaultConfigurationIsVisible = 0;
			defaultConfigurationName = Release;
		};
		1720539C215A635900E34884 /* Build configuration list for PBXNativeTarget "RTO App Professionally" */ = {
			isa = XCConfigurationList;
			buildConfigurations = (
				1720539D215A635900E34884 /* Debug */,
				1720539E215A635900E34884 /* Release */,
			);
			defaultConfigurationIsVisible = 0;
			defaultConfigurationName = Release;
		};
/* End XCConfigurationList section */
	};
	rootObject = 17205382215A635700E34884 /* Project object */;
}
